
Microsoft Visual Studio Solution File, Format Version 12.00
# Visual Studio Version 17
VisualStudioVersion = 17.7.34009.444
MinimumVisualStudioVersion = 10.0.40219.1
Project("{FAE04EC0-301F-11D3-BF4B-00C04F79EFBC}") = "PokemonReviewApp", "PokemonReviewApp\PokemonReviewApp.csproj", "{98FFF372-B3D0-46F8-B98F-CC9D7C479692}"
EndProject
Global
	GlobalSection(SolutionConfigurationPlatforms) = preSolution
		Debug|Any CPU = Debug|Any CPU
		Release|Any CPU = Release|Any CPU
	EndGlobalSection
	GlobalSection(ProjectConfigurationPlatforms) = postSolution
		{98FFF372-B3D0-46F8-B98F-CC9D7C479692}.Debug|Any CPU.ActiveCfg = Debug|Any CPU
		{98FFF372-B3D0-46F8-B98F-CC9D7C479692}.Debug|Any CPU.Build.0 = Debug|Any CPU
		{98FFF372-B3D0-46F8-B98F-CC9D7C479692}.Release|Any CPU.ActiveCfg = Release|Any CPU
		{98FFF372-B3D0-46F8-B98F-CC9D7C479692}.Release|Any CPU.Build.0 = Release|Any CPU
	EndGlobalSection
	GlobalSection(SolutionProperties) = preSolution
		HideSolutionNode = FALSE
	EndGlobalSection
	GlobalSection(ExtensibilityGlobals) = postSolution
		SolutionGuid = {052CF2D0-EEC8-4EE1-B76A-5AFC1C46BE08}
	EndGlobalSection
EndGlobal
